
Microsoft Visual Studio Solution File, Format Version 12.00
Project("{FAE04EC0-301F-11D3-BF4B-00C04F79EFBC}") = "Ef6Audit", "Ef6Audit\Ef6Audit.csproj", "{004F8CC3-CAFB-46D9-9481-881A44CE307A}"
EndProject
Global
	GlobalSection(SolutionConfigurationPlatforms) = preSolution
		Debug|Any CPU = Debug|Any CPU
		Release|Any CPU = Release|Any CPU
	EndGlobalSection
	GlobalSection(ProjectConfigurationPlatforms) = postSolution
		{004F8CC3-CAFB-46D9-9481-881A44CE307A}.Debug|Any CPU.ActiveCfg = Debug|Any CPU
		{004F8CC3-CAFB-46D9-9481-881A44CE307A}.Debug|Any CPU.Build.0 = Debug|Any CPU
		{004F8CC3-CAFB-46D9-9481-881A44CE307A}.Release|Any CPU.ActiveCfg = Release|Any CPU
		{004F8CC3-CAFB-46D9-9481-881A44CE307A}.Release|Any CPU.Build.0 = Release|Any CPU
	EndGlobalSection
EndGlobal
